
Microsoft Visual Studio Solution File, Format Version 12.00
# Visual Studio Version 17
VisualStudioVersion = 17.7.34202.233
MinimumVisualStudioVersion = 10.0.40219.1
Project("{FAE04EC0-301F-11D3-BF4B-00C04F79EFBC}") = "GestionStockEW", "GestionStockEW\GestionStockEW.csproj", "{76DD097D-08A4-4557-BB4F-D09295C5C275}"
EndProject
Global
	GlobalSection(SolutionConfigurationPlatforms) = preSolution
		Debug|Any CPU = Debug|Any CPU
		Release|Any CPU = Release|Any CPU
	EndGlobalSection
	GlobalSection(ProjectConfigurationPlatforms) = postSolution
		{76DD097D-08A4-4557-BB4F-D09295C5C275}.Debug|Any CPU.ActiveCfg = Debug|Any CPU
		{76DD097D-08A4-4557-BB4F-D09295C5C275}.Debug|Any CPU.Build.0 = Debug|Any CPU
		{76DD097D-08A4-4557-BB4F-D09295C5C275}.Debug|Any CPU.Deploy.0 = Debug|Any CPU
		{76DD097D-08A4-4557-BB4F-D09295C5C275}.Release|Any CPU.ActiveCfg = Release|Any CPU
		{76DD097D-08A4-4557-BB4F-D09295C5C275}.Release|Any CPU.Build.0 = Release|Any CPU
		{76DD097D-08A4-4557-BB4F-D09295C5C275}.Release|Any CPU.Deploy.0 = Release|Any CPU
	EndGlobalSection
	GlobalSection(SolutionProperties) = preSolution
		HideSolutionNode = FALSE
	EndGlobalSection
	GlobalSection(ExtensibilityGlobals) = postSolution
		SolutionGuid = {D9B82C7B-025A-4E4F-B4E1-B6AA14D288DA}
	EndGlobalSection
EndGlobal
